// !$*UTF8*$!
{
	archiveVersion = 1;
	classes = {
	};
	objectVersion = 48;
	objects = {

/* Begin PBXBuildFile section */
		5B04FD7D1FD5D9C500F1ADB7 /* AppDelegate.swift in Sources */ = {isa = PBXBuildFile; fileRef = 5B04FD7C1FD5D9C500F1ADB7 /* AppDelegate.swift */; };
		5B04FD7F1FD5D9C500F1ADB7 /* ViewController.swift in Sources */ = {isa = PBXBuildFile; fileRef = 5B04FD7E1FD5D9C500F1ADB7 /* ViewController.swift */; };
		5B04FD821FD5D9C500F1ADB7 /* Main.storyboard in Resources */ = {isa = PBXBuildFile; fileRef = 5B04FD801FD5D9C500F1ADB7 /* Main.storyboard */; };
		5B04FD841FD5D9C500F1ADB7 /* Assets.xcassets in Resources */ = {isa = PBXBuildFile; fileRef = 5B04FD831FD5D9C500F1ADB7 /* Assets.xcassets */; };
		5B04FD871FD5D9C500F1ADB7 /* LaunchScreen.storyboard in Resources */ = {isa = PBXBuildFile; fileRef = 5B04FD851FD5D9C500F1ADB7 /* LaunchScreen.storyboard */; };
		5B04FD921FD5D9C500F1ADB7 /* SecureBeam_CoreTests.swift in Sources */ = {isa = PBXBuildFile; fileRef = 5B04FD911FD5D9C500F1ADB7 /* SecureBeam_CoreTests.swift */; };
		5B04FD9D1FD5D9C500F1ADB7 /* SecureBeam_CoreUITests.swift in Sources */ = {isa = PBXBuildFile; fileRef = 5B04FD9C1FD5D9C500F1ADB7 /* SecureBeam_CoreUITests.swift */; };
		5B04FDAB1FD5E2D200F1ADB7 /* DocumentBrowserViewController.swift in Sources */ = {isa = PBXBuildFile; fileRef = 5B04FDAA1FD5E2D200F1ADB7 /* DocumentBrowserViewController.swift */; };
		5B04FDAD1FD5E48800F1ADB7 /* Document.swift in Sources */ = {isa = PBXBuildFile; fileRef = 5B04FDAC1FD5E48800F1ADB7 /* Document.swift */; };
/* End PBXBuildFile section */

/* Begin PBXContainerItemProxy section */
		5B04FD8E1FD5D9C500F1ADB7 /* PBXContainerItemProxy */ = {
			isa = PBXContainerItemProxy;
			containerPortal = 5B04FD711FD5D9C500F1ADB7 /* Project object */;
			proxyType = 1;
			remoteGlobalIDString = 5B04FD781FD5D9C500F1ADB7;
			remoteInfo = "SecureBeam Core";
		};
		5B04FD991FD5D9C500F1ADB7 /* PBXContainerItemProxy */ = {
			isa = PBXContainerItemProxy;
			containerPortal = 5B04FD711FD5D9C500F1ADB7 /* Project object */;
			proxyType = 1;
			remoteGlobalIDString = 5B04FD781FD5D9C500F1ADB7;
			remoteInfo = "SecureBeam Core";
		};
/* End PBXContainerItemProxy section */

/* Begin PBXFileReference section */
		5B04FD791FD5D9C500F1ADB7 /* SecureBeam Core.app */ = {isa = PBXFileReference; explicitFileType = wrapper.application; includeInIndex = 0; path = "SecureBeam Core.app"; sourceTree = BUILT_PRODUCTS_DIR; };
		5B04FD7C1FD5D9C500F1ADB7 /* AppDelegate.swift */ = {isa = PBXFileReference; lastKnownFileType = sourcecode.swift; path = AppDelegate.swift; sourceTree = "<group>"; };
		5B04FD7E1FD5D9C500F1ADB7 /* ViewController.swift */ = {isa = PBXFileReference; lastKnownFileType = sourcecode.swift; path = ViewController.swift; sourceTree = "<group>"; };
		5B04FD811FD5D9C500F1ADB7 /* Base */ = {isa = PBXFileReference; lastKnownFileType = file.storyboard; name = Base; path = Base.lproj/Main.storyboard; sourceTree = "<group>"; };
		5B04FD831FD5D9C500F1ADB7 /* Assets.xcassets */ = {isa = PBXFileReference; lastKnownFileType = folder.assetcatalog; path = Assets.xcassets; sourceTree = "<group>"; };
		5B04FD861FD5D9C500F1ADB7 /* Base */ = {isa = PBXFileReference; lastKnownFileType = file.storyboard; name = Base; path = Base.lproj/LaunchScreen.storyboard; sourceTree = "<group>"; };
		5B04FD881FD5D9C500F1ADB7 /* Info.plist */ = {isa = PBXFileReference; lastKnownFileType = text.plist.xml; path = Info.plist; sourceTree = "<group>"; };
		5B04FD8D1FD5D9C500F1ADB7 /* SecureBeam CoreTests.xctest */ = {isa = PBXFileReference; explicitFileType = wrapper.cfbundle; includeInIndex = 0; path = "SecureBeam CoreTests.xctest"; sourceTree = BUILT_PRODUCTS_DIR; };
		5B04FD911FD5D9C500F1ADB7 /* SecureBeam_CoreTests.swift */ = {isa = PBXFileReference; lastKnownFileType = sourcecode.swift; path = SecureBeam_CoreTests.swift; sourceTree = "<group>"; };
		5B04FD931FD5D9C500F1ADB7 /* Info.plist */ = {isa = PBXFileReference; lastKnownFileType = text.plist.xml; path = Info.plist; sourceTree = "<group>"; };
		5B04FD981FD5D9C500F1ADB7 /* SecureBeam CoreUITests.xctest */ = {isa = PBXFileReference; explicitFileType = wrapper.cfbundle; includeInIndex = 0; path = "SecureBeam CoreUITests.xctest"; sourceTree = BUILT_PRODUCTS_DIR; };
		5B04FD9C1FD5D9C500F1ADB7 /* SecureBeam_CoreUITests.swift */ = {isa = PBXFileReference; lastKnownFileType = sourcecode.swift; path = SecureBeam_CoreUITests.swift; sourceTree = "<group>"; };
		5B04FD9E1FD5D9C500F1ADB7 /* Info.plist */ = {isa = PBXFileReference; lastKnownFileType = text.plist.xml; path = Info.plist; sourceTree = "<group>"; };
		5B04FDAA1FD5E2D200F1ADB7 /* DocumentBrowserViewController.swift */ = {isa = PBXFileReference; lastKnownFileType = sourcecode.swift; path = DocumentBrowserViewController.swift; sourceTree = "<group>"; };
		5B04FDAC1FD5E48800F1ADB7 /* Document.swift */ = {isa = PBXFileReference; lastKnownFileType = sourcecode.swift; path = Document.swift; sourceTree = "<group>"; };
/* End PBXFileReference section */

/* Begin PBXFrameworksBuildPhase section */
		5B04FD761FD5D9C500F1ADB7 /* Frameworks */ = {
			isa = PBXFrameworksBuildPhase;
			buildActionMask = 2147483647;
			files = (
			);
			runOnlyForDeploymentPostprocessing = 0;
		};
		5B04FD8A1FD5D9C500F1ADB7 /* Frameworks */ = {
			isa = PBXFrameworksBuildPhase;
			buildActionMask = 2147483647;
			files = (
			);
			runOnlyForDeploymentPostprocessing = 0;
		};
		5B04FD951FD5D9C500F1ADB7 /* Frameworks */ = {
			isa = PBXFrameworksBuildPhase;
			buildActionMask = 2147483647;
			files = (
			);
			runOnlyForDeploymentPostprocessing = 0;
		};
/* End PBXFrameworksBuildPhase section */

/* Begin PBXGroup section */
		5B04FD701FD5D9C500F1ADB7 = {
			isa = PBXGroup;
			children = (
				5B04FD7B1FD5D9C500F1ADB7 /* SecureBeam Core */,
				5B04FD901FD5D9C500F1ADB7 /* SecureBeam CoreTests */,
				5B04FD9B1FD5D9C500F1ADB7 /* SecureBeam CoreUITests */,
				5B04FD7A1FD5D9C500F1ADB7 /* Products */,
			);
			sourceTree = "<group>";
		};
		5B04FD7A1FD5D9C500F1ADB7 /* Products */ = {
			isa = PBXGroup;
			children = (
				5B04FD791FD5D9C500F1ADB7 /* SecureBeam Core.app */,
				5B04FD8D1FD5D9C500F1ADB7 /* SecureBeam CoreTests.xctest */,
				5B04FD981FD5D9C500F1ADB7 /* SecureBeam CoreUITests.xctest */,
			);
			name = Products;
			sourceTree = "<group>";
		};
		5B04FD7B1FD5D9C500F1ADB7 /* SecureBeam Core */ = {
			isa = PBXGroup;
			children = (
				5B04FD7C1FD5D9C500F1ADB7 /* AppDelegate.swift */,
				5B04FD7E1FD5D9C500F1ADB7 /* ViewController.swift */,
				5B04FD801FD5D9C500F1ADB7 /* Main.storyboard */,
				5B04FD831FD5D9C500F1ADB7 /* Assets.xcassets */,
				5B04FD851FD5D9C500F1ADB7 /* LaunchScreen.storyboard */,
				5B04FD881FD5D9C500F1ADB7 /* Info.plist */,
				5B04FDAA1FD5E2D200F1ADB7 /* DocumentBrowserViewController.swift */,
				5B04FDAC1FD5E48800F1ADB7 /* Document.swift */,
			);
			path = "SecureBeam Core";
			sourceTree = "<group>";
		};
		5B04FD901FD5D9C500F1ADB7 /* SecureBeam CoreTests */ = {
			isa = PBXGroup;
			children = (
				5B04FD911FD5D9C500F1ADB7 /* SecureBeam_CoreTests.swift */,
				5B04FD931FD5D9C500F1ADB7 /* Info.plist */,
			);
			path = "SecureBeam CoreTests";
			sourceTree = "<group>";
		};
		5B04FD9B1FD5D9C500F1ADB7 /* SecureBeam CoreUITests */ = {
			isa = PBXGroup;
			children = (
				5B04FD9C1FD5D9C500F1ADB7 /* SecureBeam_CoreUITests.swift */,
				5B04FD9E1FD5D9C500F1ADB7 /* Info.plist */,
			);
			path = "SecureBeam CoreUITests";
			sourceTree = "<group>";
		};
/* End PBXGroup section */

/* Begin PBXNativeTarget section */
		5B04FD781FD5D9C500F1ADB7 /* SecureBeam Core */ = {
			isa = PBXNativeTarget;
			buildConfigurationList = 5B04FDA11FD5D9C500F1ADB7 /* Build configuration list for PBXNativeTarget "SecureBeam Core" */;
			buildPhases = (
				5B04FD751FD5D9C500F1ADB7 /* Sources */,
				5B04FD761FD5D9C500F1ADB7 /* Frameworks */,
				5B04FD771FD5D9C500F1ADB7 /* Resources */,
			);
			buildRules = (
			);
			dependencies = (
			);
			name = "SecureBeam Core";
			productName = "SecureBeam Core";
			productReference = 5B04FD791FD5D9C500F1ADB7 /* SecureBeam Core.app */;
			productType = "com.apple.product-type.application";
		};
		5B04FD8C1FD5D9C500F1ADB7 /* SecureBeam CoreTests */ = {
			isa = PBXNativeTarget;
			buildConfigurationList = 5B04FDA41FD5D9C500F1ADB7 /* Build configuration list for PBXNativeTarget "SecureBeam CoreTests" */;
			buildPhases = (
				5B04FD891FD5D9C500F1ADB7 /* Sources */,
				5B04FD8A1FD5D9C500F1ADB7 /* Frameworks */,
				5B04FD8B1FD5D9C500F1ADB7 /* Resources */,
			);
			buildRules = (
			);
			dependencies = (
				5B04FD8F1FD5D9C500F1ADB7 /* PBXTargetDependency */,
			);
			name = "SecureBeam CoreTests";
			productName = "SecureBeam CoreTests";
			productReference = 5B04FD8D1FD5D9C500F1ADB7 /* SecureBeam CoreTests.xctest */;
			productType = "com.apple.product-type.bundle.unit-test";
		};
		5B04FD971FD5D9C500F1ADB7 /* SecureBeam CoreUITests */ = {
			isa = PBXNativeTarget;
			buildConfigurationList = 5B04FDA71FD5D9C500F1ADB7 /* Build configuration list for PBXNativeTarget "SecureBeam CoreUITests" */;
			buildPhases = (
				5B04FD941FD5D9C500F1ADB7 /* Sources */,
				5B04FD951FD5D9C500F1ADB7 /* Frameworks */,
				5B04FD961FD5D9C500F1ADB7 /* Resources */,
			);
			buildRules = (
			);
			dependencies = (
				5B04FD9A1FD5D9C500F1ADB7 /* PBXTargetDependency */,
			);
			name = "SecureBeam CoreUITests";
			productName = "SecureBeam CoreUITests";
			productReference = 5B04FD981FD5D9C500F1ADB7 /* SecureBeam CoreUITests.xctest */;
			productType = "com.apple.product-type.bundle.ui-testing";
		};
/* End PBXNativeTarget section */

/* Begin PBXProject section */
		5B04FD711FD5D9C500F1ADB7 /* Project object */ = {
			isa = PBXProject;
			attributes = {
				LastSwiftUpdateCheck = 0910;
				LastUpgradeCheck = 0910;
				ORGANIZATIONNAME = "expressFlow GmbH";
				TargetAttributes = {
					5B04FD781FD5D9C500F1ADB7 = {
						CreatedOnToolsVersion = 9.1;
						ProvisioningStyle = Automatic;
					};
					5B04FD8C1FD5D9C500F1ADB7 = {
						CreatedOnToolsVersion = 9.1;
						ProvisioningStyle = Automatic;
						TestTargetID = 5B04FD781FD5D9C500F1ADB7;
					};
					5B04FD971FD5D9C500F1ADB7 = {
						CreatedOnToolsVersion = 9.1;
						ProvisioningStyle = Automatic;
						TestTargetID = 5B04FD781FD5D9C500F1ADB7;
					};
				};
			};
			buildConfigurationList = 5B04FD741FD5D9C500F1ADB7 /* Build configuration list for PBXProject "SecureBeam Core" */;
			compatibilityVersion = "Xcode 8.0";
			developmentRegion = en;
			hasScannedForEncodings = 0;
			knownRegions = (
				en,
				Base,
			);
			mainGroup = 5B04FD701FD5D9C500F1ADB7;
			productRefGroup = 5B04FD7A1FD5D9C500F1ADB7 /* Products */;
			projectDirPath = "";
			projectRoot = "";
			targets = (
				5B04FD781FD5D9C500F1ADB7 /* SecureBeam Core */,
				5B04FD8C1FD5D9C500F1ADB7 /* SecureBeam CoreTests */,
				5B04FD971FD5D9C500F1ADB7 /* SecureBeam CoreUITests */,
			);
		};
/* End PBXProject section */

/* Begin PBXResourcesBuildPhase section */
		5B04FD771FD5D9C500F1ADB7 /* Resources */ = {
			isa = PBXResourcesBuildPhase;
			buildActionMask = 2147483647;
			files = (
				5B04FD871FD5D9C500F1ADB7 /* LaunchScreen.storyboard in Resources */,
				5B04FD841FD5D9C500F1ADB7 /* Assets.xcassets in Resources */,
				5B04FD821FD5D9C500F1ADB7 /* Main.storyboard in Resources */,
			);
			runOnlyForDeploymentPostprocessing = 0;
		};
		5B04FD8B1FD5D9C500F1ADB7 /* Resources */ = {
			isa = PBXResourcesBuildPhase;
			buildActionMask = 2147483647;
			files = (
			);
			runOnlyForDeploymentPostprocessing = 0;
		};
		5B04FD961FD5D9C500F1ADB7 /* Resources */ = {
			isa = PBXResourcesBuildPhase;
			buildActionMask = 2147483647;
			files = (
			);
			runOnlyForDeploymentPostprocessing = 0;
		};
/* End PBXResourcesBuildPhase section */

/* Begin PBXSourcesBuildPhase section */
		5B04FD751FD5D9C500F1ADB7 /* Sources */ = {
			isa = PBXSourcesBuildPhase;
			buildActionMask = 2147483647;
			files = (
				5B04FDAD1FD5E48800F1ADB7 /* Document.swift in Sources */,
				5B04FD7F1FD5D9C500F1ADB7 /* ViewController.swift in Sources */,
				5B04FDAB1FD5E2D200F1ADB7 /* DocumentBrowserViewController.swift in Sources */,
				5B04FD7D1FD5D9C500F1ADB7 /* AppDelegate.swift in Sources */,
			);
			runOnlyForDeploymentPostprocessing = 0;
		};
		5B04FD891FD5D9C500F1ADB7 /* Sources */ = {
			isa = PBXSourcesBuildPhase;
			buildActionMask = 2147483647;
			files = (
				5B04FD921FD5D9C500F1ADB7 /* SecureBeam_CoreTests.swift in Sources */,
			);
			runOnlyForDeploymentPostprocessing = 0;
		};
		5B04FD941FD5D9C500F1ADB7 /* Sources */ = {
			isa = PBXSourcesBuildPhase;
			buildActionMask = 2147483647;
			files = (
				5B04FD9D1FD5D9C500F1ADB7 /* SecureBeam_CoreUITests.swift in Sources */,
			);
			runOnlyForDeploymentPostprocessing = 0;
		};
/* End PBXSourcesBuildPhase section */

/* Begin PBXTargetDependency section */
		5B04FD8F1FD5D9C500F1ADB7 /* PBXTargetDependency */ = {
			isa = PBXTargetDependency;
			target = 5B04FD781FD5D9C500F1ADB7 /* SecureBeam Core */;
			targetProxy = 5B04FD8E1FD5D9C500F1ADB7 /* PBXContainerItemProxy */;
		};
		5B04FD9A1FD5D9C500F1ADB7 /* PBXTargetDependency */ = {
			isa = PBXTargetDependency;
			target = 5B04FD781FD5D9C500F1ADB7 /* SecureBeam Core */;
			targetProxy = 5B04FD991FD5D9C500F1ADB7 /* PBXContainerItemProxy */;
		};
/* End PBXTargetDependency section */

/* Begin PBXVariantGroup section */
		5B04FD801FD5D9C500F1ADB7 /* Main.storyboard */ = {
			isa = PBXVariantGroup;
			children = (
				5B04FD811FD5D9C500F1ADB7 /* Base */,
			);
			name = Main.storyboard;
			sourceTree = "<group>";
		};
		5B04FD851FD5D9C500F1ADB7 /* LaunchScreen.storyboard */ = {
			isa = PBXVariantGroup;
			children = (
				5B04FD861FD5D9C500F1ADB7 /* Base */,
			);
			name = LaunchScreen.storyboard;
			sourceTree = "<group>";
		};
/* End PBXVariantGroup section */

/* Begin XCBuildConfiguration section */
		5B04FD9F1FD5D9C500F1ADB7 /* Debug */ = {
			isa = XCBuildConfiguration;
			buildSettings = {
				ALWAYS_SEARCH_USER_PATHS = NO;
				CLANG_ANALYZER_NONNULL = YES;
				CLANG_ANALYZER_NUMBER_OBJECT_CONVERSION = YES_AGGRESSIVE;
				CLANG_CXX_LANGUAGE_STANDARD = "gnu++14";
				CLANG_CXX_LIBRARY = "libc++";
				CLANG_ENABLE_MODULES = YES;
				CLANG_ENABLE_OBJC_ARC = YES;
				CLANG_WARN_BLOCK_CAPTURE_AUTORELEASING = YES;
				CLANG_WARN_BOOL_CONVERSION = YES;
				CLANG_WARN_COMMA = YES;
				CLANG_WARN_CONSTANT_CONVERSION = YES;
				CLANG_WARN_DIRECT_OBJC_ISA_USAGE = YES_ERROR;
				CLANG_WARN_DOCUMENTATION_COMMENTS = YES;
				CLANG_WARN_EMPTY_BODY = YES;
				CLANG_WARN_ENUM_CONVERSION = YES;
				CLANG_WARN_INFINITE_RECURSION = YES;
				CLANG_WARN_INT_CONVERSION = YES;
				CLANG_WARN_NON_LITERAL_NULL_CONVERSION = YES;
				CLANG_WARN_OBJC_LITERAL_CONVERSION = YES;
				CLANG_WARN_OBJC_ROOT_CLASS = YES_ERROR;
				CLANG_WARN_RANGE_LOOP_ANALYSIS = YES;
				CLANG_WARN_STRICT_PROTOTYPES = YES;
				CLANG_WARN_SUSPICIOUS_MOVE = YES;
				CLANG_WARN_UNGUARDED_AVAILABILITY = YES_AGGRESSIVE;
				CLANG_WARN_UNREACHABLE_CODE = YES;
				CLANG_WARN__DUPLICATE_METHOD_MATCH = YES;
				CODE_SIGN_IDENTITY = "iPhone Developer";
				COPY_PHASE_STRIP = NO;
				DEBUG_INFORMATION_FORMAT = dwarf;
				ENABLE_STRICT_OBJC_MSGSEND = YES;
				ENABLE_TESTABILITY = YES;
				GCC_C_LANGUAGE_STANDARD = gnu11;
				GCC_DYNAMIC_NO_PIC = NO;
				GCC_NO_COMMON_BLOCKS = YES;
				GCC_OPTIMIZATION_LEVEL = 0;
				GCC_PREPROCESSOR_DEFINITIONS = (
					"DEBUG=1",
					"$(inherited)",
				);
				GCC_WARN_64_TO_32_BIT_CONVERSION = YES;
				GCC_WARN_ABOUT_RETURN_TYPE = YES_ERROR;
				GCC_WARN_UNDECLARED_SELECTOR = YES;
				GCC_WARN_UNINITIALIZED_AUTOS = YES_AGGRESSIVE;
				GCC_WARN_UNUSED_FUNCTION = YES;
				GCC_WARN_UNUSED_VARIABLE = YES;
				IPHONEOS_DEPLOYMENT_TARGET = 11.1;
				MTL_ENABLE_DEBUG_INFO = YES;
				ONLY_ACTIVE_ARCH = YES;
				SDKROOT = iphoneos;
				SWIFT_ACTIVE_COMPILATION_CONDITIONS = DEBUG;
				SWIFT_OPTIMIZATION_LEVEL = "-Onone";
			};
			name = Debug;
		};
		5B04FDA01FD5D9C500F1ADB7 /* Release */ = {
			isa = XCBuildConfiguration;
			buildSettings = {
				ALWAYS_SEARCH_USER_PATHS = NO;
				CLANG_ANALYZER_NONNULL = YES;
				CLANG_ANALYZER_NUMBER_OBJECT_CONVERSION = YES_AGGRESSIVE;
				CLANG_CXX_LANGUAGE_STANDARD = "gnu++14";
				CLANG_CXX_LIBRARY = "libc++";
				CLANG_ENABLE_MODULES = YES;
				CLANG_ENABLE_OBJC_ARC = YES;
				CLANG_WARN_BLOCK_CAPTURE_AUTORELEASING = YES;
				CLANG_WARN_BOOL_CONVERSION = YES;
				CLANG_WARN_COMMA = YES;
				CLANG_WARN_CONSTANT_CONVERSION = YES;
				CLANG_WARN_DIRECT_OBJC_ISA_USAGE = YES_ERROR;
				CLANG_WARN_DOCUMENTATION_COMMENTS = YES;
				CLANG_WARN_EMPTY_BODY = YES;
				CLANG_WARN_ENUM_CONVERSION = YES;
				CLANG_WARN_INFINITE_RECURSION = YES;
				CLANG_WARN_INT_CONVERSION = YES;
				CLANG_WARN_NON_LITERAL_NULL_CONVERSION = YES;
				CLANG_WARN_OBJC_LITERAL_CONVERSION = YES;
				CLANG_WARN_OBJC_ROOT_CLASS = YES_ERROR;
				CLANG_WARN_RANGE_LOOP_ANALYSIS = YES;
				CLANG_WARN_STRICT_PROTOTYPES = YES;
				CLANG_WARN_SUSPICIOUS_MOVE = YES;
				CLANG_WARN_UNGUARDED_AVAILABILITY = YES_AGGRESSIVE;
				CLANG_WARN_UNREACHABLE_CODE = YES;
				CLANG_WARN__DUPLICATE_METHOD_MATCH = YES;
				CODE_SIGN_IDENTITY = "iPhone Developer";
				COPY_PHASE_STRIP = NO;
				DEBUG_INFORMATION_FORMAT = "dwarf-with-dsym";
				ENABLE_NS_ASSERTIONS = NO;
				ENABLE_STRICT_OBJC_MSGSEND = YES;
				GCC_C_LANGUAGE_STANDARD = gnu11;
				GCC_NO_COMMON_BLOCKS = YES;
				GCC_WARN_64_TO_32_BIT_CONVERSION = YES;
				GCC_WARN_ABOUT_RETURN_TYPE = YES_ERROR;
				GCC_WARN_UNDECLARED_SELECTOR = YES;
				GCC_WARN_UNINITIALIZED_AUTOS = YES_AGGRESSIVE;
				GCC_WARN_UNUSED_FUNCTION = YES;
				GCC_WARN_UNUSED_VARIABLE = YES;
				IPHONEOS_DEPLOYMENT_TARGET = 11.1;
				MTL_ENABLE_DEBUG_INFO = NO;
				SDKROOT = iphoneos;
				SWIFT_OPTIMIZATION_LEVEL = "-Owholemodule";
				VALIDATE_PRODUCT = YES;
			};
			name = Release;
		};
		5B04FDA21FD5D9C500F1ADB7 /* Debug */ = {
			isa = XCBuildConfiguration;
			buildSettings = {
				ASSETCATALOG_COMPILER_APPICON_NAME = AppIcon;
				CODE_SIGN_STYLE = Automatic;
				DEVELOPMENT_TEAM = PY49SZ278V;
				INFOPLIST_FILE = "SecureBeam Core/Info.plist";
				LD_RUNPATH_SEARCH_PATHS = "$(inherited) @executable_path/Frameworks";
				PRODUCT_BUNDLE_IDENTIFIER = "com.securebeam.core.SecureBeam-Core";
				PRODUCT_NAME = "$(TARGET_NAME)";
				SWIFT_VERSION = 4.0;
				TARGETED_DEVICE_FAMILY = "1,2";
			};
			name = Debug;
		};
		5B04FDA31FD5D9C500F1ADB7 /* Release */ = {
			isa = XCBuildConfiguration;
			buildSettings = {
				ASSETCATALOG_COMPILER_APPICON_NAME = AppIcon;
				CODE_SIGN_STYLE = Automatic;
				DEVELOPMENT_TEAM = PY49SZ278V;
				INFOPLIST_FILE = "SecureBeam Core/Info.plist";
				LD_RUNPATH_SEARCH_PATHS = "$(inherited) @executable_path/Frameworks";
				PRODUCT_BUNDLE_IDENTIFIER = "com.securebeam.core.SecureBeam-Core";
				PRODUCT_NAME = "$(TARGET_NAME)";
				SWIFT_VERSION = 4.0;
				TARGETED_DEVICE_FAMILY = "1,2";
			};
			name = Release;
		};
		5B04FDA51FD5D9C500F1ADB7 /* Debug */ = {
			isa = XCBuildConfiguration;
			buildSettings = {
				ALWAYS_EMBED_SWIFT_STANDARD_LIBRARIES = YES;
				BUNDLE_LOADER = "$(TEST_HOST)";
				CODE_SIGN_STYLE = Automatic;
				DEVELOPMENT_TEAM = PY49SZ278V;
				INFOPLIST_FILE = "SecureBeam CoreTests/Info.plist";
				LD_RUNPATH_SEARCH_PATHS = "$(inherited) @executable_path/Frameworks @loader_path/Frameworks";
				PRODUCT_BUNDLE_IDENTIFIER = "com.securebeam.core.SecureBeam-CoreTests";
				PRODUCT_NAME = "$(TARGET_NAME)";
				SWIFT_VERSION = 4.0;
				TARGETED_DEVICE_FAMILY = "1,2";
				TEST_HOST = "$(BUILT_PRODUCTS_DIR)/SecureBeam Core.app/SecureBeam Core";
			};
			name = Debug;
		};
		5B04FDA61FD5D9C500F1ADB7 /* Release */ = {
			isa = XCBuildConfiguration;
			buildSettings = {
				ALWAYS_EMBED_SWIFT_STANDARD_LIBRARIES = YES;
				BUNDLE_LOADER = "$(TEST_HOST)";
				CODE_SIGN_STYLE = Automatic;
				DEVELOPMENT_TEAM = PY49SZ278V;
				INFOPLIST_FILE = "SecureBeam CoreTests/Info.plist";
				LD_RUNPATH_SEARCH_PATHS = "$(inherited) @executable_path/Frameworks @loader_path/Frameworks";
				PRODUCT_BUNDLE_IDENTIFIER = "com.securebeam.core.SecureBeam-CoreTests";
				PRODUCT_NAME = "$(TARGET_NAME)";
				SWIFT_VERSION = 4.0;
				TARGETED_DEVICE_FAMILY = "1,2";
				TEST_HOST = "$(BUILT_PRODUCTS_DIR)/SecureBeam Core.app/SecureBeam Core";
			};
			name = Release;
		};
		5B04FDA81FD5D9C500F1ADB7 /* Debug */ = {
			isa = XCBuildConfiguration;
			buildSettings = {
				ALWAYS_EMBED_SWIFT_STANDARD_LIBRARIES = YES;
				CODE_SIGN_STYLE = Automatic;
				DEVELOPMENT_TEAM = PY49SZ278V;
				INFOPLIST_FILE = "SecureBeam CoreUITests/Info.plist";
				LD_RUNPATH_SEARCH_PATHS = "$(inherited) @executable_path/Frameworks @loader_path/Frameworks";
				PRODUCT_BUNDLE_IDENTIFIER = "com.securebeam.core.SecureBeam-CoreUITests";
				PRODUCT_NAME = "$(TARGET_NAME)";
				SWIFT_VERSION = 4.0;
				TARGETED_DEVICE_FAMILY = "1,2";
				TEST_TARGET_NAME = "SecureBeam Core";
			};
			name = Debug;
		};
		5B04FDA91FD5D9C500F1ADB7 /* Release */ = {
			isa = XCBuildConfiguration;
			buildSettings = {
				ALWAYS_EMBED_SWIFT_STANDARD_LIBRARIES = YES;
				CODE_SIGN_STYLE = Automatic;
				DEVELOPMENT_TEAM = PY49SZ278V;
				INFOPLIST_FILE = "SecureBeam CoreUITests/Info.plist";
				LD_RUNPATH_SEARCH_PATHS = "$(inherited) @executable_path/Frameworks @loader_path/Frameworks";
				PRODUCT_BUNDLE_IDENTIFIER = "com.securebeam.core.SecureBeam-CoreUITests";
				PRODUCT_NAME = "$(TARGET_NAME)";
				SWIFT_VERSION = 4.0;
				TARGETED_DEVICE_FAMILY = "1,2";
				TEST_TARGET_NAME = "SecureBeam Core";
			};
			name = Release;
		};
/* End XCBuildConfiguration section */

/* Begin XCConfigurationList section */
		5B04FD741FD5D9C500F1ADB7 /* Build configuration list for PBXProject "SecureBeam Core" */ = {
			isa = XCConfigurationList;
			buildConfigurations = (
				5B04FD9F1FD5D9C500F1ADB7 /* Debug */,
				5B04FDA01FD5D9C500F1ADB7 /* Release */,
			);
			defaultConfigurationIsVisible = 0;
			defaultConfigurationName = Release;
		};
		5B04FDA11FD5D9C500F1ADB7 /* Build configuration list for PBXNativeTarget "SecureBeam Core" */ = {
			isa = XCConfigurationList;
			buildConfigurations = (
				5B04FDA21FD5D9C500F1ADB7 /* Debug */,
				5B04FDA31FD5D9C500F1ADB7 /* Release */,
			);
			defaultConfigurationIsVisible = 0;
			defaultConfigurationName = Release;
		};
		5B04FDA41FD5D9C500F1ADB7 /* Build configuration list for PBXNativeTarget "SecureBeam CoreTests" */ = {
			isa = XCConfigurationList;
			buildConfigurations = (
				5B04FDA51FD5D9C500F1ADB7 /* Debug */,
				5B04FDA61FD5D9C500F1ADB7 /* Release */,
			);
			defaultConfigurationIsVisible = 0;
			defaultConfigurationName = Release;
		};
		5B04FDA71FD5D9C500F1ADB7 /* Build configuration list for PBXNativeTarget "SecureBeam CoreUITests" */ = {
			isa = XCConfigurationList;
			buildConfigurations = (
				5B04FDA81FD5D9C500F1ADB7 /* Debug */,
				5B04FDA91FD5D9C500F1ADB7 /* Release */,
			);
			defaultConfigurationIsVisible = 0;
			defaultConfigurationName = Release;
		};
/* End XCConfigurationList section */
	};
	rootObject = 5B04FD711FD5D9C500F1ADB7 /* Project object */;
}
